
Microsoft Visual Studio Solution File, Format Version 12.00
# Visual Studio Version 17
VisualStudioVersion = 17.10.35013.160
MinimumVisualStudioVersion = 10.0.40219.1
Project("{FAE04EC0-301F-11D3-BF4B-00C04F79EFBC}") = "POS Application", "POS Application.csproj", "{A2CDF9EA-9EDE-4EE8-BC0E-DB6B30470D92}"
EndProject
Global
	GlobalSection(SolutionConfigurationPlatforms) = preSolution
		Debug|Any CPU = Debug|Any CPU
		Release|Any CPU = Release|Any CPU
	EndGlobalSection
	GlobalSection(ProjectConfigurationPlatforms) = postSolution
		{A2CDF9EA-9EDE-4EE8-BC0E-DB6B30470D92}.Debug|Any CPU.ActiveCfg = Debug|Any CPU
		{A2CDF9EA-9EDE-4EE8-BC0E-DB6B30470D92}.Debug|Any CPU.Build.0 = Debug|Any CPU
		{A2CDF9EA-9EDE-4EE8-BC0E-DB6B30470D92}.Release|Any CPU.ActiveCfg = Release|Any CPU
		{A2CDF9EA-9EDE-4EE8-BC0E-DB6B30470D92}.Release|Any CPU.Build.0 = Release|Any CPU
	EndGlobalSection
	GlobalSection(SolutionProperties) = preSolution
		HideSolutionNode = FALSE
	EndGlobalSection
	GlobalSection(ExtensibilityGlobals) = postSolution
		SolutionGuid = {C2DBF052-73EC-486C-8720-E5E46BC67512}
	EndGlobalSection
EndGlobal
